// !$*UTF8*$!
{
	archiveVersion = 1;
	classes = {
	};
	objectVersion = 46;
	objects = {

/* Begin PBXBuildFile section */
		4ECC12F01B17CA94006F8D50 /* main.m in Sources */ = {isa = PBXBuildFile; fileRef = 4ECC12EF1B17CA94006F8D50 /* main.m */; };
		4ECC12F31B17CA94006F8D50 /* AppDelegate.m in Sources */ = {isa = PBXBuildFile; fileRef = 4ECC12F21B17CA94006F8D50 /* AppDelegate.m */; };
		4ECC12F91B17CA94006F8D50 /* Main.storyboard in Resources */ = {isa = PBXBuildFile; fileRef = 4ECC12F71B17CA94006F8D50 /* Main.storyboard */; };
		4ECC12FB1B17CA94006F8D50 /* Images.xcassets in Resources */ = {isa = PBXBuildFile; fileRef = 4ECC12FA1B17CA94006F8D50 /* Images.xcassets */; };
		4ECC12FE1B17CA94006F8D50 /* LaunchScreen.xib in Resources */ = {isa = PBXBuildFile; fileRef = 4ECC12FC1B17CA94006F8D50 /* LaunchScreen.xib */; };
		4ECC130A1B17CA94006F8D50 /* ToDoListObjectiveCTests.m in Sources */ = {isa = PBXBuildFile; fileRef = 4ECC13091B17CA94006F8D50 /* ToDoListObjectiveCTests.m */; };
		4ECC13181B17E4D6006F8D50 /* ToDoListTableViewController.m in Sources */ = {isa = PBXBuildFile; fileRef = 4ECC13171B17E4D6006F8D50 /* ToDoListTableViewController.m */; };
		4ECC131B1B17E535006F8D50 /* AddToDoItemViewController.m in Sources */ = {isa = PBXBuildFile; fileRef = 4ECC131A1B17E535006F8D50 /* AddToDoItemViewController.m */; };
		4ECC131E1B191218006F8D50 /* ToDoItem.m in Sources */ = {isa = PBXBuildFile; fileRef = 4ECC131D1B191218006F8D50 /* ToDoItem.m */; };
/* End PBXBuildFile section */

/* Begin PBXContainerItemProxy section */
		4ECC13041B17CA94006F8D50 /* PBXContainerItemProxy */ = {
			isa = PBXContainerItemProxy;
			containerPortal = 4ECC12E21B17CA94006F8D50 /* Project object */;
			proxyType = 1;
			remoteGlobalIDString = 4ECC12E91B17CA94006F8D50;
			remoteInfo = ToDoListObjectiveC;
		};
/* End PBXContainerItemProxy section */

/* Begin PBXFileReference section */
		4ECC12EA1B17CA94006F8D50 /* ToDoListObjectiveC.app */ = {isa = PBXFileReference; explicitFileType = wrapper.application; includeInIndex = 0; path = ToDoListObjectiveC.app; sourceTree = BUILT_PRODUCTS_DIR; };
		4ECC12EE1B17CA94006F8D50 /* Info.plist */ = {isa = PBXFileReference; lastKnownFileType = text.plist.xml; path = Info.plist; sourceTree = "<group>"; };
		4ECC12EF1B17CA94006F8D50 /* main.m */ = {isa = PBXFileReference; lastKnownFileType = sourcecode.c.objc; path = main.m; sourceTree = "<group>"; };
		4ECC12F11B17CA94006F8D50 /* AppDelegate.h */ = {isa = PBXFileReference; lastKnownFileType = sourcecode.c.h; path = AppDelegate.h; sourceTree = "<group>"; };
		4ECC12F21B17CA94006F8D50 /* AppDelegate.m */ = {isa = PBXFileReference; lastKnownFileType = sourcecode.c.objc; path = AppDelegate.m; sourceTree = "<group>"; };
		4ECC12F81B17CA94006F8D50 /* Base */ = {isa = PBXFileReference; lastKnownFileType = file.storyboard; name = Base; path = Base.lproj/Main.storyboard; sourceTree = "<group>"; };
		4ECC12FA1B17CA94006F8D50 /* Images.xcassets */ = {isa = PBXFileReference; lastKnownFileType = folder.assetcatalog; path = Images.xcassets; sourceTree = "<group>"; };
		4ECC12FD1B17CA94006F8D50 /* Base */ = {isa = PBXFileReference; lastKnownFileType = file.xib; name = Base; path = Base.lproj/LaunchScreen.xib; sourceTree = "<group>"; };
		4ECC13031B17CA94006F8D50 /* ToDoListObjectiveCTests.xctest */ = {isa = PBXFileReference; explicitFileType = wrapper.cfbundle; includeInIndex = 0; path = ToDoListObjectiveCTests.xctest; sourceTree = BUILT_PRODUCTS_DIR; };
		4ECC13081B17CA94006F8D50 /* Info.plist */ = {isa = PBXFileReference; lastKnownFileType = text.plist.xml; path = Info.plist; sourceTree = "<group>"; };
		4ECC13091B17CA94006F8D50 /* ToDoListObjectiveCTests.m */ = {isa = PBXFileReference; lastKnownFileType = sourcecode.c.objc; path = ToDoListObjectiveCTests.m; sourceTree = "<group>"; };
		4ECC13161B17E4D6006F8D50 /* ToDoListTableViewController.h */ = {isa = PBXFileReference; fileEncoding = 4; lastKnownFileType = sourcecode.c.h; path = ToDoListTableViewController.h; sourceTree = "<group>"; };
		4ECC13171B17E4D6006F8D50 /* ToDoListTableViewController.m */ = {isa = PBXFileReference; fileEncoding = 4; lastKnownFileType = sourcecode.c.objc; path = ToDoListTableViewController.m; sourceTree = "<group>"; };
		4ECC13191B17E535006F8D50 /* AddToDoItemViewController.h */ = {isa = PBXFileReference; fileEncoding = 4; lastKnownFileType = sourcecode.c.h; name = AddToDoItemViewController.h; path = ../AddToDoItemViewController.h; sourceTree = "<group>"; };
		4ECC131A1B17E535006F8D50 /* AddToDoItemViewController.m */ = {isa = PBXFileReference; fileEncoding = 4; lastKnownFileType = sourcecode.c.objc; name = AddToDoItemViewController.m; path = ../AddToDoItemViewController.m; sourceTree = "<group>"; };
		4ECC131C1B191218006F8D50 /* ToDoItem.h */ = {isa = PBXFileReference; fileEncoding = 4; lastKnownFileType = sourcecode.c.h; path = ToDoItem.h; sourceTree = "<group>"; };
		4ECC131D1B191218006F8D50 /* ToDoItem.m */ = {isa = PBXFileReference; fileEncoding = 4; lastKnownFileType = sourcecode.c.objc; path = ToDoItem.m; sourceTree = "<group>"; };
/* End PBXFileReference section */

/* Begin PBXFrameworksBuildPhase section */
		4ECC12E71B17CA94006F8D50 /* Frameworks */ = {
			isa = PBXFrameworksBuildPhase;
			buildActionMask = 2147483647;
			files = (
			);
			runOnlyForDeploymentPostprocessing = 0;
		};
		4ECC13001B17CA94006F8D50 /* Frameworks */ = {
			isa = PBXFrameworksBuildPhase;
			buildActionMask = 2147483647;
			files = (
			);
			runOnlyForDeploymentPostprocessing = 0;
		};
/* End PBXFrameworksBuildPhase section */

/* Begin PBXGroup section */
		4ECC12E11B17CA94006F8D50 = {
			isa = PBXGroup;
			children = (
				4ECC12EC1B17CA94006F8D50 /* ToDoListObjectiveC */,
				4ECC13061B17CA94006F8D50 /* ToDoListObjectiveCTests */,
				4ECC12EB1B17CA94006F8D50 /* Products */,
			);
			sourceTree = "<group>";
		};
		4ECC12EB1B17CA94006F8D50 /* Products */ = {
			isa = PBXGroup;
			children = (
				4ECC12EA1B17CA94006F8D50 /* ToDoListObjectiveC.app */,
				4ECC13031B17CA94006F8D50 /* ToDoListObjectiveCTests.xctest */,
			);
			name = Products;
			sourceTree = "<group>";
		};
		4ECC12EC1B17CA94006F8D50 /* ToDoListObjectiveC */ = {
			isa = PBXGroup;
			children = (
				4ECC13191B17E535006F8D50 /* AddToDoItemViewController.h */,
				4ECC131A1B17E535006F8D50 /* AddToDoItemViewController.m */,
				4ECC13161B17E4D6006F8D50 /* ToDoListTableViewController.h */,
				4ECC13171B17E4D6006F8D50 /* ToDoListTableViewController.m */,
				4ECC12F11B17CA94006F8D50 /* AppDelegate.h */,
				4ECC12F21B17CA94006F8D50 /* AppDelegate.m */,
				4ECC12F71B17CA94006F8D50 /* Main.storyboard */,
				4ECC131C1B191218006F8D50 /* ToDoItem.h */,
				4ECC131D1B191218006F8D50 /* ToDoItem.m */,
				4ECC12FA1B17CA94006F8D50 /* Images.xcassets */,
				4ECC12FC1B17CA94006F8D50 /* LaunchScreen.xib */,
				4ECC12ED1B17CA94006F8D50 /* Supporting Files */,
			);
			path = ToDoListObjectiveC;
			sourceTree = "<group>";
		};
		4ECC12ED1B17CA94006F8D50 /* Supporting Files */ = {
			isa = PBXGroup;
			children = (
				4ECC12EE1B17CA94006F8D50 /* Info.plist */,
				4ECC12EF1B17CA94006F8D50 /* main.m */,
			);
			name = "Supporting Files";
			sourceTree = "<group>";
		};
		4ECC13061B17CA94006F8D50 /* ToDoListObjectiveCTests */ = {
			isa = PBXGroup;
			children = (
				4ECC13091B17CA94006F8D50 /* ToDoListObjectiveCTests.m */,
				4ECC13071B17CA94006F8D50 /* Supporting Files */,
			);
			path = ToDoListObjectiveCTests;
			sourceTree = "<group>";
		};
		4ECC13071B17CA94006F8D50 /* Supporting Files */ = {
			isa = PBXGroup;
			children = (
				4ECC13081B17CA94006F8D50 /* Info.plist */,
			);
			name = "Supporting Files";
			sourceTree = "<group>";
		};
/* End PBXGroup section */

/* Begin PBXNativeTarget section */
		4ECC12E91B17CA94006F8D50 /* ToDoListObjectiveC */ = {
			isa = PBXNativeTarget;
			buildConfigurationList = 4ECC130D1B17CA94006F8D50 /* Build configuration list for PBXNativeTarget "ToDoListObjectiveC" */;
			buildPhases = (
				4ECC12E61B17CA94006F8D50 /* Sources */,
				4ECC12E71B17CA94006F8D50 /* Frameworks */,
				4ECC12E81B17CA94006F8D50 /* Resources */,
			);
			buildRules = (
			);
			dependencies = (
			);
			name = ToDoListObjectiveC;
			productName = ToDoListObjectiveC;
			productReference = 4ECC12EA1B17CA94006F8D50 /* ToDoListObjectiveC.app */;
			productType = "com.apple.product-type.application";
		};
		4ECC13021B17CA94006F8D50 /* ToDoListObjectiveCTests */ = {
			isa = PBXNativeTarget;
			buildConfigurationList = 4ECC13101B17CA94006F8D50 /* Build configuration list for PBXNativeTarget "ToDoListObjectiveCTests" */;
			buildPhases = (
				4ECC12FF1B17CA94006F8D50 /* Sources */,
				4ECC13001B17CA94006F8D50 /* Frameworks */,
				4ECC13011B17CA94006F8D50 /* Resources */,
			);
			buildRules = (
			);
			dependencies = (
				4ECC13051B17CA94006F8D50 /* PBXTargetDependency */,
			);
			name = ToDoListObjectiveCTests;
			productName = ToDoListObjectiveCTests;
			productReference = 4ECC13031B17CA94006F8D50 /* ToDoListObjectiveCTests.xctest */;
			productType = "com.apple.product-type.bundle.unit-test";
		};
/* End PBXNativeTarget section */

/* Begin PBXProject section */
		4ECC12E21B17CA94006F8D50 /* Project object */ = {
			isa = PBXProject;
			attributes = {
				LastUpgradeCheck = 0630;
				ORGANIZATIONNAME = "Second Opinion";
				TargetAttributes = {
					4ECC12E91B17CA94006F8D50 = {
						CreatedOnToolsVersion = 6.3.2;
					};
					4ECC13021B17CA94006F8D50 = {
						CreatedOnToolsVersion = 6.3.2;
						TestTargetID = 4ECC12E91B17CA94006F8D50;
					};
				};
			};
			buildConfigurationList = 4ECC12E51B17CA94006F8D50 /* Build configuration list for PBXProject "ToDoListObjectiveC" */;
			compatibilityVersion = "Xcode 3.2";
			developmentRegion = English;
			hasScannedForEncodings = 0;
			knownRegions = (
				en,
				Base,
			);
			mainGroup = 4ECC12E11B17CA94006F8D50;
			productRefGroup = 4ECC12EB1B17CA94006F8D50 /* Products */;
			projectDirPath = "";
			projectRoot = "";
			targets = (
				4ECC12E91B17CA94006F8D50 /* ToDoListObjectiveC */,
				4ECC13021B17CA94006F8D50 /* ToDoListObjectiveCTests */,
			);
		};
/* End PBXProject section */

/* Begin PBXResourcesBuildPhase section */
		4ECC12E81B17CA94006F8D50 /* Resources */ = {
			isa = PBXResourcesBuildPhase;
			buildActionMask = 2147483647;
			files = (
				4ECC12F91B17CA94006F8D50 /* Main.storyboard in Resources */,
				4ECC12FE1B17CA94006F8D50 /* LaunchScreen.xib in Resources */,
				4ECC12FB1B17CA94006F8D50 /* Images.xcassets in Resources */,
			);
			runOnlyForDeploymentPostprocessing = 0;
		};
		4ECC13011B17CA94006F8D50 /* Resources */ = {
			isa = PBXResourcesBuildPhase;
			buildActionMask = 2147483647;
			files = (
			);
			runOnlyForDeploymentPostprocessing = 0;
		};
/* End PBXResourcesBuildPhase section */

/* Begin PBXSourcesBuildPhase section */
		4ECC12E61B17CA94006F8D50 /* Sources */ = {
			isa = PBXSourcesBuildPhase;
			buildActionMask = 2147483647;
			files = (
				4ECC12F31B17CA94006F8D50 /* AppDelegate.m in Sources */,
				4ECC131E1B191218006F8D50 /* ToDoItem.m in Sources */,
				4ECC13181B17E4D6006F8D50 /* ToDoListTableViewController.m in Sources */,
				4ECC12F01B17CA94006F8D50 /* main.m in Sources */,
				4ECC131B1B17E535006F8D50 /* AddToDoItemViewController.m in Sources */,
			);
			runOnlyForDeploymentPostprocessing = 0;
		};
		4ECC12FF1B17CA94006F8D50 /* Sources */ = {
			isa = PBXSourcesBuildPhase;
			buildActionMask = 2147483647;
			files = (
				4ECC130A1B17CA94006F8D50 /* ToDoListObjectiveCTests.m in Sources */,
			);
			runOnlyForDeploymentPostprocessing = 0;
		};
/* End PBXSourcesBuildPhase section */

/* Begin PBXTargetDependency section */
		4ECC13051B17CA94006F8D50 /* PBXTargetDependency */ = {
			isa = PBXTargetDependency;
			target = 4ECC12E91B17CA94006F8D50 /* ToDoListObjectiveC */;
			targetProxy = 4ECC13041B17CA94006F8D50 /* PBXContainerItemProxy */;
		};
/* End PBXTargetDependency section */

/* Begin PBXVariantGroup section */
		4ECC12F71B17CA94006F8D50 /* Main.storyboard */ = {
			isa = PBXVariantGroup;
			children = (
				4ECC12F81B17CA94006F8D50 /* Base */,
			);
			name = Main.storyboard;
			sourceTree = "<group>";
		};
		4ECC12FC1B17CA94006F8D50 /* LaunchScreen.xib */ = {
			isa = PBXVariantGroup;
			children = (
				4ECC12FD1B17CA94006F8D50 /* Base */,
			);
			name = LaunchScreen.xib;
			sourceTree = "<group>";
		};
/* End PBXVariantGroup section */

/* Begin XCBuildConfiguration section */
		4ECC130B1B17CA94006F8D50 /* Debug */ = {
			isa = XCBuildConfiguration;
			buildSettings = {
				ALWAYS_SEARCH_USER_PATHS = NO;
				CLANG_CXX_LANGUAGE_STANDARD = "gnu++0x";
				CLANG_CXX_LIBRARY = "libc++";
				CLANG_ENABLE_MODULES = YES;
				CLANG_ENABLE_OBJC_ARC = YES;
				CLANG_WARN_BOOL_CONVERSION = YES;
				CLANG_WARN_CONSTANT_CONVERSION = YES;
				CLANG_WARN_DIRECT_OBJC_ISA_USAGE = YES_ERROR;
				CLANG_WARN_EMPTY_BODY = YES;
				CLANG_WARN_ENUM_CONVERSION = YES;
				CLANG_WARN_INT_CONVERSION = YES;
				CLANG_WARN_OBJC_ROOT_CLASS = YES_ERROR;
				CLANG_WARN_UNREACHABLE_CODE = YES;
				CLANG_WARN__DUPLICATE_METHOD_MATCH = YES;
				"CODE_SIGN_IDENTITY[sdk=iphoneos*]" = "iPhone Developer";
				COPY_PHASE_STRIP = NO;
				DEBUG_INFORMATION_FORMAT = "dwarf-with-dsym";
				ENABLE_STRICT_OBJC_MSGSEND = YES;
				GCC_C_LANGUAGE_STANDARD = gnu99;
				GCC_DYNAMIC_NO_PIC = NO;
				GCC_NO_COMMON_BLOCKS = YES;
				GCC_OPTIMIZATION_LEVEL = 0;
				GCC_PREPROCESSOR_DEFINITIONS = (
					"DEBUG=1",
					"$(inherited)",
				);
				GCC_SYMBOLS_PRIVATE_EXTERN = NO;
				GCC_WARN_64_TO_32_BIT_CONVERSION = YES;
				GCC_WARN_ABOUT_RETURN_TYPE = YES_ERROR;
				GCC_WARN_UNDECLARED_SELECTOR = YES;
				GCC_WARN_UNINITIALIZED_AUTOS = YES_AGGRESSIVE;
				GCC_WARN_UNUSED_FUNCTION = YES;
				GCC_WARN_UNUSED_VARIABLE = YES;
				IPHONEOS_DEPLOYMENT_TARGET = 8.3;
				MTL_ENABLE_DEBUG_INFO = YES;
				ONLY_ACTIVE_ARCH = YES;
				SDKROOT = iphoneos;
				TARGETED_DEVICE_FAMILY = "1,2";
			};
			name = Debug;
		};
		4ECC130C1B17CA94006F8D50 /* Release */ = {
			isa = XCBuildConfiguration;
			buildSettings = {
				ALWAYS_SEARCH_USER_PATHS = NO;
				CLANG_CXX_LANGUAGE_STANDARD = "gnu++0x";
				CLANG_CXX_LIBRARY = "libc++";
				CLANG_ENABLE_MODULES = YES;
				CLANG_ENABLE_OBJC_ARC = YES;
				CLANG_WARN_BOOL_CONVERSION = YES;
				CLANG_WARN_CONSTANT_CONVERSION = YES;
				CLANG_WARN_DIRECT_OBJC_ISA_USAGE = YES_ERROR;
				CLANG_WARN_EMPTY_BODY = YES;
				CLANG_WARN_ENUM_CONVERSION = YES;
				CLANG_WARN_INT_CONVERSION = YES;
				CLANG_WARN_OBJC_ROOT_CLASS = YES_ERROR;
				CLANG_WARN_UNREACHABLE_CODE = YES;
				CLANG_WARN__DUPLICATE_METHOD_MATCH = YES;
				"CODE_SIGN_IDENTITY[sdk=iphoneos*]" = "iPhone Developer";
				COPY_PHASE_STRIP = NO;
				DEBUG_INFORMATION_FORMAT = "dwarf-with-dsym";
				ENABLE_NS_ASSERTIONS = NO;
				ENABLE_STRICT_OBJC_MSGSEND = YES;
				GCC_C_LANGUAGE_STANDARD = gnu99;
				GCC_NO_COMMON_BLOCKS = YES;
				GCC_WARN_64_TO_32_BIT_CONVERSION = YES;
				GCC_WARN_ABOUT_RETURN_TYPE = YES_ERROR;
				GCC_WARN_UNDECLARED_SELECTOR = YES;
				GCC_WARN_UNINITIALIZED_AUTOS = YES_AGGRESSIVE;
				GCC_WARN_UNUSED_FUNCTION = YES;
				GCC_WARN_UNUSED_VARIABLE = YES;
				IPHONEOS_DEPLOYMENT_TARGET = 8.3;
				MTL_ENABLE_DEBUG_INFO = NO;
				SDKROOT = iphoneos;
				TARGETED_DEVICE_FAMILY = "1,2";
				VALIDATE_PRODUCT = YES;
			};
			name = Release;
		};
		4ECC130E1B17CA94006F8D50 /* Debug */ = {
			isa = XCBuildConfiguration;
			buildSettings = {
				ASSETCATALOG_COMPILER_APPICON_NAME = AppIcon;
				INFOPLIST_FILE = ToDoListObjectiveC/Info.plist;
				LD_RUNPATH_SEARCH_PATHS = "$(inherited) @executable_path/Frameworks";
				PRODUCT_NAME = "$(TARGET_NAME)";
			};
			name = Debug;
		};
		4ECC130F1B17CA94006F8D50 /* Release */ = {
			isa = XCBuildConfiguration;
			buildSettings = {
				ASSETCATALOG_COMPILER_APPICON_NAME = AppIcon;
				INFOPLIST_FILE = ToDoListObjectiveC/Info.plist;
				LD_RUNPATH_SEARCH_PATHS = "$(inherited) @executable_path/Frameworks";
				PRODUCT_NAME = "$(TARGET_NAME)";
			};
			name = Release;
		};
		4ECC13111B17CA94006F8D50 /* Debug */ = {
			isa = XCBuildConfiguration;
			buildSettings = {
				BUNDLE_LOADER = "$(TEST_HOST)";
				FRAMEWORK_SEARCH_PATHS = (
					"$(SDKROOT)/Developer/Library/Frameworks",
					"$(inherited)",
				);
				GCC_PREPROCESSOR_DEFINITIONS = (
					"DEBUG=1",
					"$(inherited)",
				);
				INFOPLIST_FILE = ToDoListObjectiveCTests/Info.plist;
				LD_RUNPATH_SEARCH_PATHS = "$(inherited) @executable_path/Frameworks @loader_path/Frameworks";
				PRODUCT_NAME = "$(TARGET_NAME)";
				TEST_HOST = "$(BUILT_PRODUCTS_DIR)/ToDoListObjectiveC.app/ToDoListObjectiveC";
			};
			name = Debug;
		};
		4ECC13121B17CA94006F8D50 /* Release */ = {
			isa = XCBuildConfiguration;
			buildSettings = {
				BUNDLE_LOADER = "$(TEST_HOST)";
				FRAMEWORK_SEARCH_PATHS = (
					"$(SDKROOT)/Developer/Library/Frameworks",
					"$(inherited)",
				);
				INFOPLIST_FILE = ToDoListObjectiveCTests/Info.plist;
				LD_RUNPATH_SEARCH_PATHS = "$(inherited) @executable_path/Frameworks @loader_path/Frameworks";
				PRODUCT_NAME = "$(TARGET_NAME)";
				TEST_HOST = "$(BUILT_PRODUCTS_DIR)/ToDoListObjectiveC.app/ToDoListObjectiveC";
			};
			name = Release;
		};
/* End XCBuildConfiguration section */

/* Begin XCConfigurationList section */
		4ECC12E51B17CA94006F8D50 /* Build configuration list for PBXProject "ToDoListObjectiveC" */ = {
			isa = XCConfigurationList;
			buildConfigurations = (
				4ECC130B1B17CA94006F8D50 /* Debug */,
				4ECC130C1B17CA94006F8D50 /* Release */,
			);
			defaultConfigurationIsVisible = 0;
			defaultConfigurationName = Release;
		};
		4ECC130D1B17CA94006F8D50 /* Build configuration list for PBXNativeTarget "ToDoListObjectiveC" */ = {
			isa = XCConfigurationList;
			buildConfigurations = (
				4ECC130E1B17CA94006F8D50 /* Debug */,
				4ECC130F1B17CA94006F8D50 /* Release */,
			);
			defaultConfigurationIsVisible = 0;
			defaultConfigurationName = Release;
		};
		4ECC13101B17CA94006F8D50 /* Build configuration list for PBXNativeTarget "ToDoListObjectiveCTests" */ = {
			isa = XCConfigurationList;
			buildConfigurations = (
				4ECC13111B17CA94006F8D50 /* Debug */,
				4ECC13121B17CA94006F8D50 /* Release */,
			);
			defaultConfigurationIsVisible = 0;
			defaultConfigurationName = Release;
		};
/* End XCConfigurationList section */
	};
	rootObject = 4ECC12E21B17CA94006F8D50 /* Project object */;
}
